
Microsoft Visual Studio Solution File, Format Version 12.00
# Visual Studio Version 17
VisualStudioVersion = 17.5.002.0
MinimumVisualStudioVersion = 10.0.40219.1
Project("{9A19103F-16F7-4668-BE54-9A1E7A4F7556}") = "Exercicio6", "Exercicio6.csproj", "{2A831BA1-1E25-42C1-9CC8-CE86D851EDE7}"
EndProject
Global
	GlobalSection(SolutionConfigurationPlatforms) = preSolution
		Debug|Any CPU = Debug|Any CPU
		Release|Any CPU = Release|Any CPU
	EndGlobalSection
	GlobalSection(ProjectConfigurationPlatforms) = postSolution
		{2A831BA1-1E25-42C1-9CC8-CE86D851EDE7}.Debug|Any CPU.ActiveCfg = Debug|Any CPU
		{2A831BA1-1E25-42C1-9CC8-CE86D851EDE7}.Debug|Any CPU.Build.0 = Debug|Any CPU
		{2A831BA1-1E25-42C1-9CC8-CE86D851EDE7}.Release|Any CPU.ActiveCfg = Release|Any CPU
		{2A831BA1-1E25-42C1-9CC8-CE86D851EDE7}.Release|Any CPU.Build.0 = Release|Any CPU
	EndGlobalSection
	GlobalSection(SolutionProperties) = preSolution
		HideSolutionNode = FALSE
	EndGlobalSection
	GlobalSection(ExtensibilityGlobals) = postSolution
		SolutionGuid = {D264C6E2-991B-48D2-9800-A7A2605B9231}
	EndGlobalSection
EndGlobal
