
Microsoft Visual Studio Solution File, Format Version 12.00
# Visual Studio Version 17
VisualStudioVersion = 17.0.31903.59
MinimumVisualStudioVersion = 10.0.40219.1
Project("{FAE04EC0-301F-11D3-BF4B-00C04F79EFBC}") = "Exercicio06A", "Exercicio06A\Exercicio06A.csproj", "{ED6D53F0-B87D-4F24-BE9A-6431ADE52EFD}"
EndProject
Project("{FAE04EC0-301F-11D3-BF4B-00C04F79EFBC}") = "Exercicio06B", "Exercicio06B\Exercicio06B.csproj", "{FB44B137-2C38-4059-8F65-36272415760C}"
EndProject
Global
	GlobalSection(SolutionConfigurationPlatforms) = preSolution
		Debug|Any CPU = Debug|Any CPU
		Release|Any CPU = Release|Any CPU
	EndGlobalSection
	GlobalSection(SolutionProperties) = preSolution
		HideSolutionNode = FALSE
	EndGlobalSection
	GlobalSection(ProjectConfigurationPlatforms) = postSolution
		{ED6D53F0-B87D-4F24-BE9A-6431ADE52EFD}.Debug|Any CPU.ActiveCfg = Debug|Any CPU
		{ED6D53F0-B87D-4F24-BE9A-6431ADE52EFD}.Debug|Any CPU.Build.0 = Debug|Any CPU
		{ED6D53F0-B87D-4F24-BE9A-6431ADE52EFD}.Release|Any CPU.ActiveCfg = Release|Any CPU
		{ED6D53F0-B87D-4F24-BE9A-6431ADE52EFD}.Release|Any CPU.Build.0 = Release|Any CPU
		{FB44B137-2C38-4059-8F65-36272415760C}.Debug|Any CPU.ActiveCfg = Debug|Any CPU
		{FB44B137-2C38-4059-8F65-36272415760C}.Debug|Any CPU.Build.0 = Debug|Any CPU
		{FB44B137-2C38-4059-8F65-36272415760C}.Release|Any CPU.ActiveCfg = Release|Any CPU
		{FB44B137-2C38-4059-8F65-36272415760C}.Release|Any CPU.Build.0 = Release|Any CPU
	EndGlobalSection
EndGlobal
