
Microsoft Visual Studio Solution File, Format Version 12.00
# Visual Studio Version 17
VisualStudioVersion = 17.5.002.0
MinimumVisualStudioVersion = 10.0.40219.1
Project("{9A19103F-16F7-4668-BE54-9A1E7A4F7556}") = "08-Teste", "08-Teste.csproj", "{BEDE6032-D66E-4C60-8C72-A0C5626F7FCA}"
EndProject
Global
	GlobalSection(SolutionConfigurationPlatforms) = preSolution
		Debug|Any CPU = Debug|Any CPU
		Release|Any CPU = Release|Any CPU
	EndGlobalSection
	GlobalSection(ProjectConfigurationPlatforms) = postSolution
		{BEDE6032-D66E-4C60-8C72-A0C5626F7FCA}.Debug|Any CPU.ActiveCfg = Debug|Any CPU
		{BEDE6032-D66E-4C60-8C72-A0C5626F7FCA}.Debug|Any CPU.Build.0 = Debug|Any CPU
		{BEDE6032-D66E-4C60-8C72-A0C5626F7FCA}.Release|Any CPU.ActiveCfg = Release|Any CPU
		{BEDE6032-D66E-4C60-8C72-A0C5626F7FCA}.Release|Any CPU.Build.0 = Release|Any CPU
	EndGlobalSection
	GlobalSection(SolutionProperties) = preSolution
		HideSolutionNode = FALSE
	EndGlobalSection
	GlobalSection(ExtensibilityGlobals) = postSolution
		SolutionGuid = {A6113F72-E4C5-49B6-915C-79E4A43D233E}
	EndGlobalSection
EndGlobal
